%{
  "cli_spinners": {:hex, :cli_spinners, "0.1.0", "08d89c6f1840a8927daed48c675ecb2f20c05c855dc2b4b58c2933d393d5e0c9", [:mix], [], "hexpm", "3b8ccad722e518309d8b92230960ca4775a761164514f78a89c4f04d5a25c97f"},
  "jason": {:hex, :jason, "1.2.2", "ba43e3f2709fd1aa1dce90aaabfd039d000469c05c56f0b8e31978e03fa39052", [:mix], [{:decimal, "~> 1.0 or ~> 2.0", [hex: :decimal, repo: "hexpm", optional: true]}], "hexpm", "18a228f5f0058ee183f29f9eae0805c6e59d61c3b006760668d8d18ff0d12179"},
}
